
Microsoft Visual Studio Solution File, Format Version 12.00
# Visual Studio Version 16
VisualStudioVersion = 16.0.30204.135
MinimumVisualStudioVersion = 10.0.40219.1
Project("{FAE04EC0-301F-11D3-BF4B-00C04F79EFBC}") = "AniverSA", "AniverSA.csproj", "{742DAED4-3A75-404D-BC90-C43CCADDCD9B}"
EndProject
Global
	GlobalSection(SolutionConfigurationPlatforms) = preSolution
		Debug|Any CPU = Debug|Any CPU
		Release|Any CPU = Release|Any CPU
	EndGlobalSection
	GlobalSection(ProjectConfigurationPlatforms) = postSolution
		{742DAED4-3A75-404D-BC90-C43CCADDCD9B}.Debug|Any CPU.ActiveCfg = Debug|Any CPU
		{742DAED4-3A75-404D-BC90-C43CCADDCD9B}.Debug|Any CPU.Build.0 = Debug|Any CPU
		{742DAED4-3A75-404D-BC90-C43CCADDCD9B}.Release|Any CPU.ActiveCfg = Release|Any CPU
		{742DAED4-3A75-404D-BC90-C43CCADDCD9B}.Release|Any CPU.Build.0 = Release|Any CPU
	EndGlobalSection
	GlobalSection(SolutionProperties) = preSolution
		HideSolutionNode = FALSE
	EndGlobalSection
	GlobalSection(ExtensibilityGlobals) = postSolution
		SolutionGuid = {FB382BAF-6F4D-4066-B2CA-02BEEF566E3E}
	EndGlobalSection
EndGlobal
